
Microsoft Visual Studio Solution File, Format Version 12.00
# Visual Studio Version 16
VisualStudioVersion = 16.0.30907.101
MinimumVisualStudioVersion = 10.0.40219.1
Project("{FAE04EC0-301F-11D3-BF4B-00C04F79EFBC}") = "FamilyTree", "FamilyTree\FamilyTree.csproj", "{CF2980D3-1647-4909-B14D-5CB21D65D96E}"
EndProject
Global
	GlobalSection(SolutionConfigurationPlatforms) = preSolution
		Debug|Any CPU = Debug|Any CPU
		Release|Any CPU = Release|Any CPU
	EndGlobalSection
	GlobalSection(ProjectConfigurationPlatforms) = postSolution
		{CF2980D3-1647-4909-B14D-5CB21D65D96E}.Debug|Any CPU.ActiveCfg = Debug|Any CPU
		{CF2980D3-1647-4909-B14D-5CB21D65D96E}.Debug|Any CPU.Build.0 = Debug|Any CPU
		{CF2980D3-1647-4909-B14D-5CB21D65D96E}.Release|Any CPU.ActiveCfg = Release|Any CPU
		{CF2980D3-1647-4909-B14D-5CB21D65D96E}.Release|Any CPU.Build.0 = Release|Any CPU
	EndGlobalSection
	GlobalSection(SolutionProperties) = preSolution
		HideSolutionNode = FALSE
	EndGlobalSection
	GlobalSection(ExtensibilityGlobals) = postSolution
		SolutionGuid = {F68CD5E6-758C-4C10-BE08-FF3F7E61AD8C}
	EndGlobalSection
EndGlobal
